// !$*UTF8*$!
{
	archiveVersion = 1;
	classes = {
	};
	objectVersion = 52;
	objects = {

/* Begin PBXBuildFile section */
		A00F7EA8244F7CB80035CB81 /* DeviceList.swift in Sources */ = {isa = PBXBuildFile; fileRef = A00F7EA7244F7CB80035CB81 /* DeviceList.swift */; };
		A010711124870F28007E3E45 /* Synapse2Handle+Extensions.swift in Sources */ = {isa = PBXBuildFile; fileRef = A010711024870F28007E3E45 /* Synapse2Handle+Extensions.swift */; };
		A04620222478A3C200CB2A5B /* NSPersistentContainer+Convenience.swift in Sources */ = {isa = PBXBuildFile; fileRef = A04620212478A3C200CB2A5B /* NSPersistentContainer+Convenience.swift */; };
		A051B402260605D900A381F0 /* Sparkle.framework in Frameworks */ = {isa = PBXBuildFile; fileRef = A051B400260605BD00A381F0 /* Sparkle.framework */; };
		A051B403260605D900A381F0 /* Sparkle.framework in Embed Frameworks */ = {isa = PBXBuildFile; fileRef = A051B400260605BD00A381F0 /* Sparkle.framework */; settings = {ATTRIBUTES = (CodeSignOnCopy, RemoveHeadersOnCopy, ); }; };
		A051B406260607BC00A381F0 /* UpdateManager.swift in Sources */ = {isa = PBXBuildFile; fileRef = A051B405260607BC00A381F0 /* UpdateManager.swift */; };
		A0569E4324774A8E00D98B41 /* DeviceConfigurationV2.swift in Sources */ = {isa = PBXBuildFile; fileRef = A0569E4224774A8E00D98B41 /* DeviceConfigurationV2.swift */; };
		A0692F10248D913E00296F7A /* CloudKit.framework in Frameworks */ = {isa = PBXBuildFile; fileRef = A0692F0F248D913E00296F7A /* CloudKit.framework */; };
		A075E5F6249840BB00D1B46F /* Bundle+Extensions.swift in Sources */ = {isa = PBXBuildFile; fileRef = A075E5F5249840BB00D1B46F /* Bundle+Extensions.swift */; };
		A075E5F8249842D100D1B46F /* PillButton.swift in Sources */ = {isa = PBXBuildFile; fileRef = A075E5F7249842D100D1B46F /* PillButton.swift */; };
		A08D86FE248CFA47008CE599 /* DeviceConfigurationViewV3+Presenter.swift in Sources */ = {isa = PBXBuildFile; fileRef = A08D86FD248CFA47008CE599 /* DeviceConfigurationViewV3+Presenter.swift */; };
		A08D8700248CFAFE008CE599 /* DeviceRawDataConverter.swift in Sources */ = {isa = PBXBuildFile; fileRef = A08D86FF248CFAFE008CE599 /* DeviceRawDataConverter.swift */; };
		A08D8704248D015B008CE599 /* Color+Hex.swift in Sources */ = {isa = PBXBuildFile; fileRef = A08D8703248D015B008CE599 /* Color+Hex.swift */; };
		A08D8706248D08A3008CE599 /* SynapseVersion.swift in Sources */ = {isa = PBXBuildFile; fileRef = A08D8705248D08A3008CE599 /* SynapseVersion.swift */; };
		A08D870A248D120C008CE599 /* USBWatcher.swift in Sources */ = {isa = PBXBuildFile; fileRef = A08D8709248D120C008CE599 /* USBWatcher.swift */; };
		A08DB388244F791D000534F2 /* DeviceRow.swift in Sources */ = {isa = PBXBuildFile; fileRef = A08DB387244F791D000534F2 /* DeviceRow.swift */; };
		A08E1F6A2496437D00D13454 /* Starlight.swift in Sources */ = {isa = PBXBuildFile; fileRef = A08E1F692496437D00D13454 /* Starlight.swift */; };
		A0931A4A260612A60088EDD1 /* org.sparkle-project.InstallerConnection.xpc in CopyFiles */ = {isa = PBXBuildFile; fileRef = A0931A41260612780088EDD1 /* org.sparkle-project.InstallerConnection.xpc */; settings = {ATTRIBUTES = (RemoveHeadersOnCopy, ); }; };
		A0931A4B260612A60088EDD1 /* org.sparkle-project.InstallerLauncher.xpc in CopyFiles */ = {isa = PBXBuildFile; fileRef = A0931A42260612780088EDD1 /* org.sparkle-project.InstallerLauncher.xpc */; settings = {ATTRIBUTES = (RemoveHeadersOnCopy, ); }; };
		A0931A4C260612A60088EDD1 /* org.sparkle-project.InstallerStatus.xpc in CopyFiles */ = {isa = PBXBuildFile; fileRef = A0931A43260612780088EDD1 /* org.sparkle-project.InstallerStatus.xpc */; settings = {ATTRIBUTES = (RemoveHeadersOnCopy, ); }; };
		A0A777F524904C0B00F246D5 /* URLs.swift in Sources */ = {isa = PBXBuildFile; fileRef = A0A777F424904C0B00F246D5 /* URLs.swift */; };
		A0A91F43248EDE9A000EFC9A /* AppDelegate.swift in Sources */ = {isa = PBXBuildFile; fileRef = A0A91F42248EDE9A000EFC9A /* AppDelegate.swift */; };
		A0A91F45248EDE9B000EFC9A /* Assets.xcassets in Resources */ = {isa = PBXBuildFile; fileRef = A0A91F44248EDE9B000EFC9A /* Assets.xcassets */; };
		A0A91F48248EDE9B000EFC9A /* MainMenu.xib in Resources */ = {isa = PBXBuildFile; fileRef = A0A91F46248EDE9B000EFC9A /* MainMenu.xib */; };
		A0A91F4E248EDEDE000EFC9A /* FruityUILaunchHelper.app in CopyFiles */ = {isa = PBXBuildFile; fileRef = A0A91F40248EDE9A000EFC9A /* FruityUILaunchHelper.app */; settings = {ATTRIBUTES = (RemoveHeadersOnCopy, ); }; };
		A0A91F4F248EDEF4000EFC9A /* BundleIdentifier.swift in Sources */ = {isa = PBXBuildFile; fileRef = A0B1FDCE248EC26C00E07C79 /* BundleIdentifier.swift */; };
		A0A91F50248EDEF6000EFC9A /* Notification+FruityUI.swift in Sources */ = {isa = PBXBuildFile; fileRef = A0B1FDCB248EC22000E07C79 /* Notification+FruityUI.swift */; };
		A0AC44A1244CAF78003CEDB4 /* AppDelegate.swift in Sources */ = {isa = PBXBuildFile; fileRef = A0AC44A0244CAF78003CEDB4 /* AppDelegate.swift */; };
		A0AC44A3244CAF78003CEDB4 /* ContentView.swift in Sources */ = {isa = PBXBuildFile; fileRef = A0AC44A2244CAF78003CEDB4 /* ContentView.swift */; };
		A0AC44A5244CAF79003CEDB4 /* Assets.xcassets in Resources */ = {isa = PBXBuildFile; fileRef = A0AC44A4244CAF79003CEDB4 /* Assets.xcassets */; };
		A0AC44A8244CAF79003CEDB4 /* Preview Assets.xcassets in Resources */ = {isa = PBXBuildFile; fileRef = A0AC44A7244CAF79003CEDB4 /* Preview Assets.xcassets */; };
		A0AC44AB244CAF79003CEDB4 /* Main.storyboard in Resources */ = {isa = PBXBuildFile; fileRef = A0AC44A9244CAF79003CEDB4 /* Main.storyboard */; };
		A0B1FDC9248EC1A600E07C79 /* ServiceManagement.framework in Frameworks */ = {isa = PBXBuildFile; fileRef = A0B1FDC8248EC1A600E07C79 /* ServiceManagement.framework */; };
		A0B1FDCC248EC22000E07C79 /* Notification+FruityUI.swift in Sources */ = {isa = PBXBuildFile; fileRef = A0B1FDCB248EC22000E07C79 /* Notification+FruityUI.swift */; };
		A0B1FDCF248EC26C00E07C79 /* BundleIdentifier.swift in Sources */ = {isa = PBXBuildFile; fileRef = A0B1FDCE248EC26C00E07C79 /* BundleIdentifier.swift */; };
		A0B1FDD2248EC32600E07C79 /* LoginItemManager.swift in Sources */ = {isa = PBXBuildFile; fileRef = A0B1FDD1248EC32600E07C79 /* LoginItemManager.swift */; };
		A0BAE5582479E8A200B82FBE /* DeviceConfigurationV2Mode.swift in Sources */ = {isa = PBXBuildFile; fileRef = A0BAE5572479E8A200B82FBE /* DeviceConfigurationV2Mode.swift */; };
		A0BAE55A2479E8C800B82FBE /* DeviceConfigurationV2Direction.swift in Sources */ = {isa = PBXBuildFile; fileRef = A0BAE5592479E8C800B82FBE /* DeviceConfigurationV2Direction.swift */; };
		A0BAE55E2479EEF700B82FBE /* Synapse2HandleMode+Conversions.swift in Sources */ = {isa = PBXBuildFile; fileRef = A0BAE55D2479EEF700B82FBE /* Synapse2HandleMode+Conversions.swift */; };
		A0BAE5602479F83300B82FBE /* Synapse2Controller.swift in Sources */ = {isa = PBXBuildFile; fileRef = A0BAE55F2479F83300B82FBE /* Synapse2Controller.swift */; };
		A0BAE5622479F83E00B82FBE /* DeviceControlling.swift in Sources */ = {isa = PBXBuildFile; fileRef = A0BAE5612479F83E00B82FBE /* DeviceControlling.swift */; };
		A0C036EC2498000000D44584 /* URLImage in Frameworks */ = {isa = PBXBuildFile; productRef = A0C036EB2498000000D44584 /* URLImage */; };
		A0C036EE249820BE00D44584 /* DestructiveButton.swift in Sources */ = {isa = PBXBuildFile; fileRef = A0C036ED249820BE00D44584 /* DestructiveButton.swift */; };
		A0C036F02498283600D44584 /* FruityRazer+Extensions.swift in Sources */ = {isa = PBXBuildFile; fileRef = A0C036EF2498283600D44584 /* FruityRazer+Extensions.swift */; };
		A0C036F22498358C00D44584 /* CircularButton.swift in Sources */ = {isa = PBXBuildFile; fileRef = A0C036F12498358C00D44584 /* CircularButton.swift */; };
		A0CD978824789A1200BA56B0 /* DeviceConfigurationV2+SynapseMode.swift in Sources */ = {isa = PBXBuildFile; fileRef = A0CD978724789A1200BA56B0 /* DeviceConfigurationV2+SynapseMode.swift */; };
		A0CD978A24789BFA00BA56B0 /* DeviceConfigurationV2+CoreData.swift in Sources */ = {isa = PBXBuildFile; fileRef = A0CD978924789BFA00BA56B0 /* DeviceConfigurationV2+CoreData.swift */; };
		A0CD978C24789F3B00BA56B0 /* DeviceConfigurationViewV2+Presenter.swift in Sources */ = {isa = PBXBuildFile; fileRef = A0CD978B24789F3B00BA56B0 /* DeviceConfigurationViewV2+Presenter.swift */; };
		A0DFECDA248BA09B000C01BC /* ResourceHelpers.swift in Sources */ = {isa = PBXBuildFile; fileRef = A0DFECD9248BA09B000C01BC /* ResourceHelpers.swift */; };
		A0DFECDF248BA3BC000C01BC /* DeviceConfigurationVersionPicker.swift in Sources */ = {isa = PBXBuildFile; fileRef = A0DFECDE248BA3BC000C01BC /* DeviceConfigurationVersionPicker.swift */; };
		A0DFECE1248BA60D000C01BC /* DeviceConfigurationView.swift in Sources */ = {isa = PBXBuildFile; fileRef = A0DFECE0248BA60D000C01BC /* DeviceConfigurationView.swift */; };
		A0DFECE6248C442F000C01BC /* MacEditorTextView.swift in Sources */ = {isa = PBXBuildFile; fileRef = A0DFECE5248C442F000C01BC /* MacEditorTextView.swift */; };
		A0DFECE8248C4E57000C01BC /* Persistence.swift in Sources */ = {isa = PBXBuildFile; fileRef = A0DFECE7248C4E57000C01BC /* Persistence.swift */; };
		A0DFECEA248C53C3000C01BC /* DeviceConfigurationV3+CoreData.swift in Sources */ = {isa = PBXBuildFile; fileRef = A0DFECE9248C53C3000C01BC /* DeviceConfigurationV3+CoreData.swift */; };
		A0DFECEE248C57F3000C01BC /* Engine.swift in Sources */ = {isa = PBXBuildFile; fileRef = A0DFECED248C57F3000C01BC /* Engine.swift */; };
		A0E4BF482450C90700F0D77D /* FruityKit.framework in Frameworks */ = {isa = PBXBuildFile; fileRef = A00F7EA9244F80F70035CB81 /* FruityKit.framework */; };
		A0E4BF492450C90700F0D77D /* FruityKit.framework in Embed Frameworks */ = {isa = PBXBuildFile; fileRef = A00F7EA9244F80F70035CB81 /* FruityKit.framework */; settings = {ATTRIBUTES = (CodeSignOnCopy, RemoveHeadersOnCopy, ); }; };
		A0E4BF4D2450C94500F0D77D /* StubDevice.swift in Sources */ = {isa = PBXBuildFile; fileRef = A0E4BF4C2450C94500F0D77D /* StubDevice.swift */; };
		A0E4BF512450CDE400F0D77D /* DeviceConfigurationViewV3.swift in Sources */ = {isa = PBXBuildFile; fileRef = A0E4BF502450CDE400F0D77D /* DeviceConfigurationViewV3.swift */; };
		A0E4BF532450CE6500F0D77D /* NoDeviceSelectedView.swift in Sources */ = {isa = PBXBuildFile; fileRef = A0E4BF522450CE6500F0D77D /* NoDeviceSelectedView.swift */; };
		A0E4BF552450D09600F0D77D /* Filter.swift in Sources */ = {isa = PBXBuildFile; fileRef = A0E4BF542450D09600F0D77D /* Filter.swift */; };
		A0EF69AF2466038C00D77297 /* DataModel.xcdatamodeld in Sources */ = {isa = PBXBuildFile; fileRef = A0EF69AD2466038C00D77297 /* DataModel.xcdatamodeld */; };
		A0EF69B12466041700D77297 /* Controller.swift in Sources */ = {isa = PBXBuildFile; fileRef = A0EF69B02466041700D77297 /* Controller.swift */; };
		A0EF69B32466044300D77297 /* Synapse3Controller.swift in Sources */ = {isa = PBXBuildFile; fileRef = A0EF69B22466044300D77297 /* Synapse3Controller.swift */; };
		A0EF69B62466063900D77297 /* DeviceConfigurationV3.swift in Sources */ = {isa = PBXBuildFile; fileRef = A0EF69B52466063900D77297 /* DeviceConfigurationV3.swift */; };
		A0EF69B82466075700D77297 /* DeviceConfigurationV3+Extensions.swift in Sources */ = {isa = PBXBuildFile; fileRef = A0EF69B72466075700D77297 /* DeviceConfigurationV3+Extensions.swift */; };
		A0EF69BB24660CFB00D77297 /* RazerDevice+Device.swift in Sources */ = {isa = PBXBuildFile; fileRef = A0EF69BA24660CFB00D77297 /* RazerDevice+Device.swift */; };
		A0EF69C524660FB300D77297 /* DeviceImages.plist in Resources */ = {isa = PBXBuildFile; fileRef = A0EF69C424660FB300D77297 /* DeviceImages.plist */; };
		A0EF69C72466165A00D77297 /* DeviceConfigurationViewV2.swift in Sources */ = {isa = PBXBuildFile; fileRef = A0EF69C62466165A00D77297 /* DeviceConfigurationViewV2.swift */; };
		A0EF69CA2466192400D77297 /* Wave.swift in Sources */ = {isa = PBXBuildFile; fileRef = A0EF69C92466192400D77297 /* Wave.swift */; };
		A0FB0062248B1247003FF9C7 /* ClosableWindow.swift in Sources */ = {isa = PBXBuildFile; fileRef = A0FB0061248B1247003FF9C7 /* ClosableWindow.swift */; };
		A0FB0065248B14C1003FF9C7 /* StatusBarItemController.swift in Sources */ = {isa = PBXBuildFile; fileRef = A0FB0064248B14C1003FF9C7 /* StatusBarItemController.swift */; };
		A0FB0067248B16DA003FF9C7 /* Router.swift in Sources */ = {isa = PBXBuildFile; fileRef = A0FB0066248B16DA003FF9C7 /* Router.swift */; };
		A0FBA0F12466B7420002EB75 /* Reactive.swift in Sources */ = {isa = PBXBuildFile; fileRef = A0FBA0F02466B7420002EB75 /* Reactive.swift */; };
		A0FBA0F42466B8340002EB75 /* ColorPicker in Frameworks */ = {isa = PBXBuildFile; productRef = A0FBA0F32466B8340002EB75 /* ColorPicker */; };
		A0FBA0F62466B9950002EB75 /* CompleteColorPicker.swift in Sources */ = {isa = PBXBuildFile; fileRef = A0FBA0F52466B9950002EB75 /* CompleteColorPicker.swift */; };
		A0FBA0FA2466BD740002EB75 /* Static.swift in Sources */ = {isa = PBXBuildFile; fileRef = A0FBA0F92466BD740002EB75 /* Static.swift */; };
		A0FBA0FC2466C7D00002EB75 /* Breath.swift in Sources */ = {isa = PBXBuildFile; fileRef = A0FBA0FB2466C7D00002EB75 /* Breath.swift */; };
		A0FBA0FE2466C88D0002EB75 /* Device.swift in Sources */ = {isa = PBXBuildFile; fileRef = A0FBA0FD2466C88D0002EB75 /* Device.swift */; };
		A0FBA1002466CEC00002EB75 /* Spectrum.swift in Sources */ = {isa = PBXBuildFile; fileRef = A0FBA0FF2466CEC00002EB75 /* Spectrum.swift */; };
/* End PBXBuildFile section */

/* Begin PBXCopyFilesBuildPhase section */
		A00F7EA6244F7B990035CB81 /* Embed Frameworks */ = {
			isa = PBXCopyFilesBuildPhase;
			buildActionMask = 2147483647;
			dstPath = "";
			dstSubfolderSpec = 10;
			files = (
				A0E4BF492450C90700F0D77D /* FruityKit.framework in Embed Frameworks */,
				A051B403260605D900A381F0 /* Sparkle.framework in Embed Frameworks */,
			);
			name = "Embed Frameworks";
			runOnlyForDeploymentPostprocessing = 0;
		};
		A0931A49260612960088EDD1 /* CopyFiles */ = {
			isa = PBXCopyFilesBuildPhase;
			buildActionMask = 2147483647;
			dstPath = "$(CONTENTS_FOLDER_PATH)/XPCServices";
			dstSubfolderSpec = 16;
			files = (
				A0931A4A260612A60088EDD1 /* org.sparkle-project.InstallerConnection.xpc in CopyFiles */,
				A0931A4B260612A60088EDD1 /* org.sparkle-project.InstallerLauncher.xpc in CopyFiles */,
				A0931A4C260612A60088EDD1 /* org.sparkle-project.InstallerStatus.xpc in CopyFiles */,
			);
			runOnlyForDeploymentPostprocessing = 0;
		};
		A0B1FDC6248EC17C00E07C79 /* CopyFiles */ = {
			isa = PBXCopyFilesBuildPhase;
			buildActionMask = 2147483647;
			dstPath = Contents/Library/LoginItems;
			dstSubfolderSpec = 1;
			files = (
				A0A91F4E248EDEDE000EFC9A /* FruityUILaunchHelper.app in CopyFiles */,
			);
			runOnlyForDeploymentPostprocessing = 0;
		};
/* End PBXCopyFilesBuildPhase section */

/* Begin PBXFileReference section */
		A00F7EA7244F7CB80035CB81 /* DeviceList.swift */ = {isa = PBXFileReference; lastKnownFileType = sourcecode.swift; path = DeviceList.swift; sourceTree = "<group>"; };
		A00F7EA9244F80F70035CB81 /* FruityKit.framework */ = {isa = PBXFileReference; lastKnownFileType = wrapper.framework; name = FruityKit.framework; path = Carthage/Build/Mac/FruityKit.framework; sourceTree = "<group>"; };
		A010711024870F28007E3E45 /* Synapse2Handle+Extensions.swift */ = {isa = PBXFileReference; lastKnownFileType = sourcecode.swift; path = "Synapse2Handle+Extensions.swift"; sourceTree = "<group>"; };
		A04620212478A3C200CB2A5B /* NSPersistentContainer+Convenience.swift */ = {isa = PBXFileReference; lastKnownFileType = sourcecode.swift; path = "NSPersistentContainer+Convenience.swift"; sourceTree = "<group>"; };
		A051B400260605BD00A381F0 /* Sparkle.framework */ = {isa = PBXFileReference; lastKnownFileType = wrapper.framework; path = Sparkle.framework; sourceTree = "<group>"; };
		A051B405260607BC00A381F0 /* UpdateManager.swift */ = {isa = PBXFileReference; lastKnownFileType = sourcecode.swift; path = UpdateManager.swift; sourceTree = "<group>"; };
		A0569E4224774A8E00D98B41 /* DeviceConfigurationV2.swift */ = {isa = PBXFileReference; lastKnownFileType = sourcecode.swift; path = DeviceConfigurationV2.swift; sourceTree = "<group>"; };
		A0692F0F248D913E00296F7A /* CloudKit.framework */ = {isa = PBXFileReference; lastKnownFileType = wrapper.framework; name = CloudKit.framework; path = System/Library/Frameworks/CloudKit.framework; sourceTree = SDKROOT; };
		A075E5F5249840BB00D1B46F /* Bundle+Extensions.swift */ = {isa = PBXFileReference; lastKnownFileType = sourcecode.swift; path = "Bundle+Extensions.swift"; sourceTree = "<group>"; };
		A075E5F7249842D100D1B46F /* PillButton.swift */ = {isa = PBXFileReference; lastKnownFileType = sourcecode.swift; path = PillButton.swift; sourceTree = "<group>"; };
		A08D86FD248CFA47008CE599 /* DeviceConfigurationViewV3+Presenter.swift */ = {isa = PBXFileReference; lastKnownFileType = sourcecode.swift; path = "DeviceConfigurationViewV3+Presenter.swift"; sourceTree = "<group>"; };
		A08D86FF248CFAFE008CE599 /* DeviceRawDataConverter.swift */ = {isa = PBXFileReference; lastKnownFileType = sourcecode.swift; path = DeviceRawDataConverter.swift; sourceTree = "<group>"; };
		A08D8703248D015B008CE599 /* Color+Hex.swift */ = {isa = PBXFileReference; lastKnownFileType = sourcecode.swift; path = "Color+Hex.swift"; sourceTree = "<group>"; };
		A08D8705248D08A3008CE599 /* SynapseVersion.swift */ = {isa = PBXFileReference; lastKnownFileType = sourcecode.swift; path = SynapseVersion.swift; sourceTree = "<group>"; };
		A08D8709248D120C008CE599 /* USBWatcher.swift */ = {isa = PBXFileReference; lastKnownFileType = sourcecode.swift; path = USBWatcher.swift; sourceTree = "<group>"; };
		A08DB387244F791D000534F2 /* DeviceRow.swift */ = {isa = PBXFileReference; lastKnownFileType = sourcecode.swift; path = DeviceRow.swift; sourceTree = "<group>"; };
		A08E1F692496437D00D13454 /* Starlight.swift */ = {isa = PBXFileReference; lastKnownFileType = sourcecode.swift; path = Starlight.swift; sourceTree = "<group>"; };
		A08E1F6B2496453900D13454 /* DataModel v2.xcdatamodel */ = {isa = PBXFileReference; lastKnownFileType = wrapper.xcdatamodel; path = "DataModel v2.xcdatamodel"; sourceTree = "<group>"; };
		A0931A41260612780088EDD1 /* org.sparkle-project.InstallerConnection.xpc */ = {isa = PBXFileReference; lastKnownFileType = "wrapper.xpc-service"; path = "org.sparkle-project.InstallerConnection.xpc"; sourceTree = "<group>"; };
		A0931A42260612780088EDD1 /* org.sparkle-project.InstallerLauncher.xpc */ = {isa = PBXFileReference; lastKnownFileType = "wrapper.xpc-service"; path = "org.sparkle-project.InstallerLauncher.xpc"; sourceTree = "<group>"; };
		A0931A43260612780088EDD1 /* org.sparkle-project.InstallerStatus.xpc */ = {isa = PBXFileReference; lastKnownFileType = "wrapper.xpc-service"; path = "org.sparkle-project.InstallerStatus.xpc"; sourceTree = "<group>"; };
		A0A777F424904C0B00F246D5 /* URLs.swift */ = {isa = PBXFileReference; lastKnownFileType = sourcecode.swift; path = URLs.swift; sourceTree = "<group>"; };
		A0A91F40248EDE9A000EFC9A /* FruityUILaunchHelper.app */ = {isa = PBXFileReference; explicitFileType = wrapper.application; includeInIndex = 0; path = FruityUILaunchHelper.app; sourceTree = BUILT_PRODUCTS_DIR; };
		A0A91F42248EDE9A000EFC9A /* AppDelegate.swift */ = {isa = PBXFileReference; lastKnownFileType = sourcecode.swift; path = AppDelegate.swift; sourceTree = "<group>"; };
		A0A91F44248EDE9B000EFC9A /* Assets.xcassets */ = {isa = PBXFileReference; lastKnownFileType = folder.assetcatalog; path = Assets.xcassets; sourceTree = "<group>"; };
		A0A91F47248EDE9B000EFC9A /* Base */ = {isa = PBXFileReference; lastKnownFileType = file.xib; name = Base; path = Base.lproj/MainMenu.xib; sourceTree = "<group>"; };
		A0A91F49248EDE9B000EFC9A /* Info.plist */ = {isa = PBXFileReference; lastKnownFileType = text.plist.xml; path = Info.plist; sourceTree = "<group>"; };
		A0A91F4A248EDE9B000EFC9A /* FruityUILaunchHelper.entitlements */ = {isa = PBXFileReference; lastKnownFileType = text.plist.entitlements; path = FruityUILaunchHelper.entitlements; sourceTree = "<group>"; };
		A0AC449D244CAF78003CEDB4 /* FruityUI.app */ = {isa = PBXFileReference; explicitFileType = wrapper.application; includeInIndex = 0; path = FruityUI.app; sourceTree = BUILT_PRODUCTS_DIR; };
		A0AC44A0244CAF78003CEDB4 /* AppDelegate.swift */ = {isa = PBXFileReference; lastKnownFileType = sourcecode.swift; path = AppDelegate.swift; sourceTree = "<group>"; };
		A0AC44A2244CAF78003CEDB4 /* ContentView.swift */ = {isa = PBXFileReference; lastKnownFileType = sourcecode.swift; path = ContentView.swift; sourceTree = "<group>"; };
		A0AC44A4244CAF79003CEDB4 /* Assets.xcassets */ = {isa = PBXFileReference; lastKnownFileType = folder.assetcatalog; path = Assets.xcassets; sourceTree = "<group>"; };
		A0AC44A7244CAF79003CEDB4 /* Preview Assets.xcassets */ = {isa = PBXFileReference; lastKnownFileType = folder.assetcatalog; path = "Preview Assets.xcassets"; sourceTree = "<group>"; };
		A0AC44AA244CAF79003CEDB4 /* Base */ = {isa = PBXFileReference; lastKnownFileType = file.storyboard; name = Base; path = Base.lproj/Main.storyboard; sourceTree = "<group>"; };
		A0AC44AC244CAF79003CEDB4 /* Info.plist */ = {isa = PBXFileReference; lastKnownFileType = text.plist.xml; path = Info.plist; sourceTree = "<group>"; };
		A0AC44AD244CAF79003CEDB4 /* FruityUI.entitlements */ = {isa = PBXFileReference; lastKnownFileType = text.plist.entitlements; path = FruityUI.entitlements; sourceTree = "<group>"; };
		A0B1FDC8248EC1A600E07C79 /* ServiceManagement.framework */ = {isa = PBXFileReference; lastKnownFileType = wrapper.framework; name = ServiceManagement.framework; path = System/Library/Frameworks/ServiceManagement.framework; sourceTree = SDKROOT; };
		A0B1FDCB248EC22000E07C79 /* Notification+FruityUI.swift */ = {isa = PBXFileReference; lastKnownFileType = sourcecode.swift; path = "Notification+FruityUI.swift"; sourceTree = "<group>"; };
		A0B1FDCE248EC26C00E07C79 /* BundleIdentifier.swift */ = {isa = PBXFileReference; lastKnownFileType = sourcecode.swift; path = BundleIdentifier.swift; sourceTree = "<group>"; };
		A0B1FDD1248EC32600E07C79 /* LoginItemManager.swift */ = {isa = PBXFileReference; lastKnownFileType = sourcecode.swift; path = LoginItemManager.swift; sourceTree = "<group>"; };
		A0BAE5572479E8A200B82FBE /* DeviceConfigurationV2Mode.swift */ = {isa = PBXFileReference; lastKnownFileType = sourcecode.swift; path = DeviceConfigurationV2Mode.swift; sourceTree = "<group>"; };
		A0BAE5592479E8C800B82FBE /* DeviceConfigurationV2Direction.swift */ = {isa = PBXFileReference; lastKnownFileType = sourcecode.swift; path = DeviceConfigurationV2Direction.swift; sourceTree = "<group>"; };
		A0BAE55D2479EEF700B82FBE /* Synapse2HandleMode+Conversions.swift */ = {isa = PBXFileReference; lastKnownFileType = sourcecode.swift; path = "Synapse2HandleMode+Conversions.swift"; sourceTree = "<group>"; };
		A0BAE55F2479F83300B82FBE /* Synapse2Controller.swift */ = {isa = PBXFileReference; lastKnownFileType = sourcecode.swift; path = Synapse2Controller.swift; sourceTree = "<group>"; };
		A0BAE5612479F83E00B82FBE /* DeviceControlling.swift */ = {isa = PBXFileReference; lastKnownFileType = sourcecode.swift; path = DeviceControlling.swift; sourceTree = "<group>"; };
		A0C036ED249820BE00D44584 /* DestructiveButton.swift */ = {isa = PBXFileReference; lastKnownFileType = sourcecode.swift; path = DestructiveButton.swift; sourceTree = "<group>"; };
		A0C036EF2498283600D44584 /* FruityRazer+Extensions.swift */ = {isa = PBXFileReference; lastKnownFileType = sourcecode.swift; path = "FruityRazer+Extensions.swift"; sourceTree = "<group>"; };
		A0C036F12498358C00D44584 /* CircularButton.swift */ = {isa = PBXFileReference; lastKnownFileType = sourcecode.swift; path = CircularButton.swift; sourceTree = "<group>"; };
		A0CD978724789A1200BA56B0 /* DeviceConfigurationV2+SynapseMode.swift */ = {isa = PBXFileReference; lastKnownFileType = sourcecode.swift; path = "DeviceConfigurationV2+SynapseMode.swift"; sourceTree = "<group>"; };
		A0CD978924789BFA00BA56B0 /* DeviceConfigurationV2+CoreData.swift */ = {isa = PBXFileReference; lastKnownFileType = sourcecode.swift; path = "DeviceConfigurationV2+CoreData.swift"; sourceTree = "<group>"; };
		A0CD978B24789F3B00BA56B0 /* DeviceConfigurationViewV2+Presenter.swift */ = {isa = PBXFileReference; lastKnownFileType = sourcecode.swift; path = "DeviceConfigurationViewV2+Presenter.swift"; sourceTree = "<group>"; };
		A0DFECD9248BA09B000C01BC /* ResourceHelpers.swift */ = {isa = PBXFileReference; lastKnownFileType = sourcecode.swift; path = ResourceHelpers.swift; sourceTree = "<group>"; };
		A0DFECDE248BA3BC000C01BC /* DeviceConfigurationVersionPicker.swift */ = {isa = PBXFileReference; lastKnownFileType = sourcecode.swift; path = DeviceConfigurationVersionPicker.swift; sourceTree = "<group>"; };
		A0DFECE0248BA60D000C01BC /* DeviceConfigurationView.swift */ = {isa = PBXFileReference; lastKnownFileType = sourcecode.swift; path = DeviceConfigurationView.swift; sourceTree = "<group>"; };
		A0DFECE5248C442F000C01BC /* MacEditorTextView.swift */ = {isa = PBXFileReference; lastKnownFileType = sourcecode.swift; path = MacEditorTextView.swift; sourceTree = "<group>"; };
		A0DFECE7248C4E57000C01BC /* Persistence.swift */ = {isa = PBXFileReference; lastKnownFileType = sourcecode.swift; path = Persistence.swift; sourceTree = "<group>"; };
		A0DFECE9248C53C3000C01BC /* DeviceConfigurationV3+CoreData.swift */ = {isa = PBXFileReference; lastKnownFileType = sourcecode.swift; path = "DeviceConfigurationV3+CoreData.swift"; sourceTree = "<group>"; };
		A0DFECED248C57F3000C01BC /* Engine.swift */ = {isa = PBXFileReference; lastKnownFileType = sourcecode.swift; path = Engine.swift; sourceTree = "<group>"; };
		A0E4BF4C2450C94500F0D77D /* StubDevice.swift */ = {isa = PBXFileReference; lastKnownFileType = sourcecode.swift; path = StubDevice.swift; sourceTree = "<group>"; };
		A0E4BF502450CDE400F0D77D /* DeviceConfigurationViewV3.swift */ = {isa = PBXFileReference; lastKnownFileType = sourcecode.swift; path = DeviceConfigurationViewV3.swift; sourceTree = "<group>"; };
		A0E4BF522450CE6500F0D77D /* NoDeviceSelectedView.swift */ = {isa = PBXFileReference; lastKnownFileType = sourcecode.swift; path = NoDeviceSelectedView.swift; sourceTree = "<group>"; };
		A0E4BF542450D09600F0D77D /* Filter.swift */ = {isa = PBXFileReference; lastKnownFileType = sourcecode.swift; path = Filter.swift; sourceTree = "<group>"; };
		A0EF69AE2466038C00D77297 /* DataModel.xcdatamodel */ = {isa = PBXFileReference; lastKnownFileType = wrapper.xcdatamodel; path = DataModel.xcdatamodel; sourceTree = "<group>"; };
		A0EF69B02466041700D77297 /* Controller.swift */ = {isa = PBXFileReference; lastKnownFileType = sourcecode.swift; path = Controller.swift; sourceTree = "<group>"; };
		A0EF69B22466044300D77297 /* Synapse3Controller.swift */ = {isa = PBXFileReference; lastKnownFileType = sourcecode.swift; path = Synapse3Controller.swift; sourceTree = "<group>"; };
		A0EF69B52466063900D77297 /* DeviceConfigurationV3.swift */ = {isa = PBXFileReference; lastKnownFileType = sourcecode.swift; path = DeviceConfigurationV3.swift; sourceTree = "<group>"; };
		A0EF69B72466075700D77297 /* DeviceConfigurationV3+Extensions.swift */ = {isa = PBXFileReference; lastKnownFileType = sourcecode.swift; path = "DeviceConfigurationV3+Extensions.swift"; sourceTree = "<group>"; };
		A0EF69BA24660CFB00D77297 /* RazerDevice+Device.swift */ = {isa = PBXFileReference; lastKnownFileType = sourcecode.swift; path = "RazerDevice+Device.swift"; sourceTree = "<group>"; };
		A0EF69C424660FB300D77297 /* DeviceImages.plist */ = {isa = PBXFileReference; lastKnownFileType = text.plist.xml; path = DeviceImages.plist; sourceTree = "<group>"; };
		A0EF69C62466165A00D77297 /* DeviceConfigurationViewV2.swift */ = {isa = PBXFileReference; lastKnownFileType = sourcecode.swift; path = DeviceConfigurationViewV2.swift; sourceTree = "<group>"; };
		A0EF69C92466192400D77297 /* Wave.swift */ = {isa = PBXFileReference; lastKnownFileType = sourcecode.swift; path = Wave.swift; sourceTree = "<group>"; };
		A0FB0061248B1247003FF9C7 /* ClosableWindow.swift */ = {isa = PBXFileReference; lastKnownFileType = sourcecode.swift; path = ClosableWindow.swift; sourceTree = "<group>"; };
		A0FB0064248B14C1003FF9C7 /* StatusBarItemController.swift */ = {isa = PBXFileReference; lastKnownFileType = sourcecode.swift; path = StatusBarItemController.swift; sourceTree = "<group>"; };
		A0FB0066248B16DA003FF9C7 /* Router.swift */ = {isa = PBXFileReference; lastKnownFileType = sourcecode.swift; path = Router.swift; sourceTree = "<group>"; };
		A0FBA0F02466B7420002EB75 /* Reactive.swift */ = {isa = PBXFileReference; lastKnownFileType = sourcecode.swift; path = Reactive.swift; sourceTree = "<group>"; };
		A0FBA0F52466B9950002EB75 /* CompleteColorPicker.swift */ = {isa = PBXFileReference; lastKnownFileType = sourcecode.swift; path = CompleteColorPicker.swift; sourceTree = "<group>"; };
		A0FBA0F92466BD740002EB75 /* Static.swift */ = {isa = PBXFileReference; lastKnownFileType = sourcecode.swift; path = Static.swift; sourceTree = "<group>"; };
		A0FBA0FB2466C7D00002EB75 /* Breath.swift */ = {isa = PBXFileReference; lastKnownFileType = sourcecode.swift; path = Breath.swift; sourceTree = "<group>"; };
		A0FBA0FD2466C88D0002EB75 /* Device.swift */ = {isa = PBXFileReference; lastKnownFileType = sourcecode.swift; path = Device.swift; sourceTree = "<group>"; };
		A0FBA0FF2466CEC00002EB75 /* Spectrum.swift */ = {isa = PBXFileReference; lastKnownFileType = sourcecode.swift; path = Spectrum.swift; sourceTree = "<group>"; };
/* End PBXFileReference section */

/* Begin PBXFrameworksBuildPhase section */
		A0A91F3D248EDE9A000EFC9A /* Frameworks */ = {
			isa = PBXFrameworksBuildPhase;
			buildActionMask = 2147483647;
			files = (
			);
			runOnlyForDeploymentPostprocessing = 0;
		};
		A0AC449A244CAF78003CEDB4 /* Frameworks */ = {
			isa = PBXFrameworksBuildPhase;
			buildActionMask = 2147483647;
			files = (
				A0692F10248D913E00296F7A /* CloudKit.framework in Frameworks */,
				A051B402260605D900A381F0 /* Sparkle.framework in Frameworks */,
				A0E4BF482450C90700F0D77D /* FruityKit.framework in Frameworks */,
				A0B1FDC9248EC1A600E07C79 /* ServiceManagement.framework in Frameworks */,
				A0C036EC2498000000D44584 /* URLImage in Frameworks */,
				A0FBA0F42466B8340002EB75 /* ColorPicker in Frameworks */,
			);
			runOnlyForDeploymentPostprocessing = 0;
		};
/* End PBXFrameworksBuildPhase section */

/* Begin PBXGroup section */
		A00F7E9D244F7AE10035CB81 /* Frameworks */ = {
			isa = PBXGroup;
			children = (
				A0692F0F248D913E00296F7A /* CloudKit.framework */,
				A00F7EA9244F80F70035CB81 /* FruityKit.framework */,
				A0B1FDC8248EC1A600E07C79 /* ServiceManagement.framework */,
				A051B400260605BD00A381F0 /* Sparkle.framework */,
			);
			name = Frameworks;
			sourceTree = "<group>";
		};
		A046201E2478A27800CB2A5B /* Convenience */ = {
			isa = PBXGroup;
			children = (
				A08D86FF248CFAFE008CE599 /* DeviceRawDataConverter.swift */,
				A04620212478A3C200CB2A5B /* NSPersistentContainer+Convenience.swift */,
				A0DFECD9248BA09B000C01BC /* ResourceHelpers.swift */,
				A0A777F424904C0B00F246D5 /* URLs.swift */,
			);
			path = Convenience;
			sourceTree = "<group>";
		};
		A075E5F92498434500D1B46F /* Buttons */ = {
			isa = PBXGroup;
			children = (
				A0C036F12498358C00D44584 /* CircularButton.swift */,
				A0C036ED249820BE00D44584 /* DestructiveButton.swift */,
				A075E5F7249842D100D1B46F /* PillButton.swift */,
			);
			path = Buttons;
			sourceTree = "<group>";
		};
		A087405A246AF798008DFBA4 /* Synapse 3 Mode */ = {
			isa = PBXGroup;
			children = (
			);
			path = "Synapse 3 Mode";
			sourceTree = "<group>";
		};
		A08DB389244F7921000534F2 /* Views */ = {
			isa = PBXGroup;
			children = (
				A075E5F92498434500D1B46F /* Buttons */,
				A0EF69C82466191800D77297 /* Synapse 2 Mode */,
				A087405A246AF798008DFBA4 /* Synapse 3 Mode */,
				A0FBA0F52466B9950002EB75 /* CompleteColorPicker.swift */,
				A0AC44A2244CAF78003CEDB4 /* ContentView.swift */,
				A0DFECE0248BA60D000C01BC /* DeviceConfigurationView.swift */,
				A0EF69C62466165A00D77297 /* DeviceConfigurationViewV2.swift */,
				A0E4BF502450CDE400F0D77D /* DeviceConfigurationViewV3.swift */,
				A0DFECDE248BA3BC000C01BC /* DeviceConfigurationVersionPicker.swift */,
				A00F7EA7244F7CB80035CB81 /* DeviceList.swift */,
				A08DB387244F791D000534F2 /* DeviceRow.swift */,
				A0E4BF542450D09600F0D77D /* Filter.swift */,
				A0E4BF522450CE6500F0D77D /* NoDeviceSelectedView.swift */,
			);
			path = Views;
			sourceTree = "<group>";
		};
		A0931A40260612680088EDD1 /* XPCServices */ = {
			isa = PBXGroup;
			children = (
				A0931A41260612780088EDD1 /* org.sparkle-project.InstallerConnection.xpc */,
				A0931A42260612780088EDD1 /* org.sparkle-project.InstallerLauncher.xpc */,
				A0931A43260612780088EDD1 /* org.sparkle-project.InstallerStatus.xpc */,
			);
			path = XPCServices;
			sourceTree = "<group>";
		};
		A0A91F41248EDE9A000EFC9A /* FruityUILaunchHelper */ = {
			isa = PBXGroup;
			children = (
				A0A91F42248EDE9A000EFC9A /* AppDelegate.swift */,
				A0A91F44248EDE9B000EFC9A /* Assets.xcassets */,
				A0A91F46248EDE9B000EFC9A /* MainMenu.xib */,
				A0A91F49248EDE9B000EFC9A /* Info.plist */,
				A0A91F4A248EDE9B000EFC9A /* FruityUILaunchHelper.entitlements */,
			);
			path = FruityUILaunchHelper;
			sourceTree = "<group>";
		};
		A0AC4494244CAF78003CEDB4 = {
			isa = PBXGroup;
			children = (
				A0AC449F244CAF78003CEDB4 /* FruityUI */,
				A0A91F41248EDE9A000EFC9A /* FruityUILaunchHelper */,
				A0B1FDCA248EC21200E07C79 /* Shared */,
				A0AC449E244CAF78003CEDB4 /* Products */,
				A0931A40260612680088EDD1 /* XPCServices */,
				A00F7E9D244F7AE10035CB81 /* Frameworks */,
			);
			sourceTree = "<group>";
		};
		A0AC449E244CAF78003CEDB4 /* Products */ = {
			isa = PBXGroup;
			children = (
				A0AC449D244CAF78003CEDB4 /* FruityUI.app */,
				A0A91F40248EDE9A000EFC9A /* FruityUILaunchHelper.app */,
			);
			name = Products;
			sourceTree = "<group>";
		};
		A0AC449F244CAF78003CEDB4 /* FruityUI */ = {
			isa = PBXGroup;
			children = (
				A0FB0063248B14B3003FF9C7 /* Controllers */,
				A046201E2478A27800CB2A5B /* Convenience */,
				A0DFECDB248BA162000C01BC /* Core */,
				A0EF69AC2466037000D77297 /* Engine */,
				A0EF69BC24660DAD00D77297 /* External */,
				A0EF69B924660CDB00D77297 /* Extensions */,
				A0EF69B42466062F00D77297 /* Models */,
				A0E4BF4B2450C93C00F0D77D /* Stubs */,
				A0CD978D24789F3F00BA56B0 /* Presenters */,
				A08DB389244F7921000534F2 /* Views */,
				A0AC44A4244CAF79003CEDB4 /* Assets.xcassets */,
				A0AC44A9244CAF79003CEDB4 /* Main.storyboard */,
				A0EF69AD2466038C00D77297 /* DataModel.xcdatamodeld */,
				A0EF69C424660FB300D77297 /* DeviceImages.plist */,
				A0AC44AC244CAF79003CEDB4 /* Info.plist */,
				A0AC44AD244CAF79003CEDB4 /* FruityUI.entitlements */,
				A0AC44A6244CAF79003CEDB4 /* Preview Content */,
			);
			path = FruityUI;
			sourceTree = "<group>";
		};
		A0AC44A6244CAF79003CEDB4 /* Preview Content */ = {
			isa = PBXGroup;
			children = (
				A0AC44A7244CAF79003CEDB4 /* Preview Assets.xcassets */,
			);
			path = "Preview Content";
			sourceTree = "<group>";
		};
		A0B1FDCA248EC21200E07C79 /* Shared */ = {
			isa = PBXGroup;
			children = (
				A0B1FDCE248EC26C00E07C79 /* BundleIdentifier.swift */,
				A0B1FDCB248EC22000E07C79 /* Notification+FruityUI.swift */,
			);
			path = Shared;
			sourceTree = "<group>";
		};
		A0BAE55B2479E8FB00B82FBE /* Synapse 2 Mode */ = {
			isa = PBXGroup;
			children = (
				A0CD978624789A0600BA56B0 /* Conversions */,
				A0569E4224774A8E00D98B41 /* DeviceConfigurationV2.swift */,
				A0CD978924789BFA00BA56B0 /* DeviceConfigurationV2+CoreData.swift */,
				A0BAE5592479E8C800B82FBE /* DeviceConfigurationV2Direction.swift */,
				A0BAE5572479E8A200B82FBE /* DeviceConfigurationV2Mode.swift */,
			);
			path = "Synapse 2 Mode";
			sourceTree = "<group>";
		};
		A0BAE55C2479E91100B82FBE /* Synapse 3 Mode */ = {
			isa = PBXGroup;
			children = (
				A0EF69B52466063900D77297 /* DeviceConfigurationV3.swift */,
				A0EF69B72466075700D77297 /* DeviceConfigurationV3+Extensions.swift */,
				A0DFECE9248C53C3000C01BC /* DeviceConfigurationV3+CoreData.swift */,
			);
			path = "Synapse 3 Mode";
			sourceTree = "<group>";
		};
		A0CD978624789A0600BA56B0 /* Conversions */ = {
			isa = PBXGroup;
			children = (
				A0CD978724789A1200BA56B0 /* DeviceConfigurationV2+SynapseMode.swift */,
			);
			path = Conversions;
			sourceTree = "<group>";
		};
		A0CD978D24789F3F00BA56B0 /* Presenters */ = {
			isa = PBXGroup;
			children = (
				A0CD978B24789F3B00BA56B0 /* DeviceConfigurationViewV2+Presenter.swift */,
				A08D86FD248CFA47008CE599 /* DeviceConfigurationViewV3+Presenter.swift */,
			);
			path = Presenters;
			sourceTree = "<group>";
		};
		A0DFECDB248BA162000C01BC /* Core */ = {
			isa = PBXGroup;
			children = (
				A0AC44A0244CAF78003CEDB4 /* AppDelegate.swift */,
			);
			path = Core;
			sourceTree = "<group>";
		};
		A0DFECEF248C588E000C01BC /* Device Controls */ = {
			isa = PBXGroup;
			children = (
				A0BAE5612479F83E00B82FBE /* DeviceControlling.swift */,
				A0BAE55F2479F83300B82FBE /* Synapse2Controller.swift */,
				A0EF69B22466044300D77297 /* Synapse3Controller.swift */,
			);
			path = "Device Controls";
			sourceTree = "<group>";
		};
		A0E4BF4B2450C93C00F0D77D /* Stubs */ = {
			isa = PBXGroup;
			children = (
				A0E4BF4C2450C94500F0D77D /* StubDevice.swift */,
			);
			path = Stubs;
			sourceTree = "<group>";
		};
		A0EF69AC2466037000D77297 /* Engine */ = {
			isa = PBXGroup;
			children = (
				A0DFECEF248C588E000C01BC /* Device Controls */,
				A0EF69B02466041700D77297 /* Controller.swift */,
				A0DFECED248C57F3000C01BC /* Engine.swift */,
				A0B1FDD1248EC32600E07C79 /* LoginItemManager.swift */,
				A0DFECE7248C4E57000C01BC /* Persistence.swift */,
				A0FB0066248B16DA003FF9C7 /* Router.swift */,
				A051B405260607BC00A381F0 /* UpdateManager.swift */,
			);
			path = Engine;
			sourceTree = "<group>";
		};
		A0EF69B42466062F00D77297 /* Models */ = {
			isa = PBXGroup;
			children = (
				A0BAE55B2479E8FB00B82FBE /* Synapse 2 Mode */,
				A0BAE55C2479E91100B82FBE /* Synapse 3 Mode */,
				A0FBA0FD2466C88D0002EB75 /* Device.swift */,
				A08D8705248D08A3008CE599 /* SynapseVersion.swift */,
			);
			path = Models;
			sourceTree = "<group>";
		};
		A0EF69B924660CDB00D77297 /* Extensions */ = {
			isa = PBXGroup;
			children = (
				A075E5F5249840BB00D1B46F /* Bundle+Extensions.swift */,
				A08D8703248D015B008CE599 /* Color+Hex.swift */,
				A0C036EF2498283600D44584 /* FruityRazer+Extensions.swift */,
				A0EF69BA24660CFB00D77297 /* RazerDevice+Device.swift */,
				A0BAE55D2479EEF700B82FBE /* Synapse2HandleMode+Conversions.swift */,
				A010711024870F28007E3E45 /* Synapse2Handle+Extensions.swift */,
			);
			path = Extensions;
			sourceTree = "<group>";
		};
		A0EF69BC24660DAD00D77297 /* External */ = {
			isa = PBXGroup;
			children = (
				A0FB0061248B1247003FF9C7 /* ClosableWindow.swift */,
				A0DFECE5248C442F000C01BC /* MacEditorTextView.swift */,
				A08D8709248D120C008CE599 /* USBWatcher.swift */,
			);
			path = External;
			sourceTree = "<group>";
		};
		A0EF69C82466191800D77297 /* Synapse 2 Mode */ = {
			isa = PBXGroup;
			children = (
				A0FBA0FB2466C7D00002EB75 /* Breath.swift */,
				A0FBA0F02466B7420002EB75 /* Reactive.swift */,
				A0FBA0FF2466CEC00002EB75 /* Spectrum.swift */,
				A08E1F692496437D00D13454 /* Starlight.swift */,
				A0FBA0F92466BD740002EB75 /* Static.swift */,
				A0EF69C92466192400D77297 /* Wave.swift */,
			);
			path = "Synapse 2 Mode";
			sourceTree = "<group>";
		};
		A0FB0063248B14B3003FF9C7 /* Controllers */ = {
			isa = PBXGroup;
			children = (
				A0FB0064248B14C1003FF9C7 /* StatusBarItemController.swift */,
			);
			path = Controllers;
			sourceTree = "<group>";
		};
/* End PBXGroup section */

/* Begin PBXNativeTarget section */
		A0A91F3F248EDE9A000EFC9A /* FruityUILaunchHelper */ = {
			isa = PBXNativeTarget;
			buildConfigurationList = A0A91F4B248EDE9B000EFC9A /* Build configuration list for PBXNativeTarget "FruityUILaunchHelper" */;
			buildPhases = (
				A0A91F3C248EDE9A000EFC9A /* Sources */,
				A0A91F3D248EDE9A000EFC9A /* Frameworks */,
				A0A91F3E248EDE9A000EFC9A /* Resources */,
			);
			buildRules = (
			);
			dependencies = (
			);
			name = FruityUILaunchHelper;
			productName = FruityUILaunchHelper;
			productReference = A0A91F40248EDE9A000EFC9A /* FruityUILaunchHelper.app */;
			productType = "com.apple.product-type.application";
		};
		A0AC449C244CAF78003CEDB4 /* FruityUI */ = {
			isa = PBXNativeTarget;
			buildConfigurationList = A0AC44B0244CAF79003CEDB4 /* Build configuration list for PBXNativeTarget "FruityUI" */;
			buildPhases = (
				A0AC4499244CAF78003CEDB4 /* Sources */,
				A0AC449A244CAF78003CEDB4 /* Frameworks */,
				A0AC449B244CAF78003CEDB4 /* Resources */,
				A00F7EA6244F7B990035CB81 /* Embed Frameworks */,
				A0B1FDC6248EC17C00E07C79 /* CopyFiles */,
				A0931A49260612960088EDD1 /* CopyFiles */,
			);
			buildRules = (
			);
			dependencies = (
			);
			name = FruityUI;
			packageProductDependencies = (
				A0FBA0F32466B8340002EB75 /* ColorPicker */,
				A0C036EB2498000000D44584 /* URLImage */,
			);
			productName = FruityUI;
			productReference = A0AC449D244CAF78003CEDB4 /* FruityUI.app */;
			productType = "com.apple.product-type.application";
		};
/* End PBXNativeTarget section */

/* Begin PBXProject section */
		A0AC4495244CAF78003CEDB4 /* Project object */ = {
			isa = PBXProject;
			attributes = {
				LastSwiftUpdateCheck = 1150;
				LastUpgradeCheck = 1230;
				ORGANIZATIONNAME = "Eduardo Almeida";
				TargetAttributes = {
					A0A91F3F248EDE9A000EFC9A = {
						CreatedOnToolsVersion = 11.5;
					};
					A0AC449C244CAF78003CEDB4 = {
						CreatedOnToolsVersion = 11.4.1;
					};
				};
			};
			buildConfigurationList = A0AC4498244CAF78003CEDB4 /* Build configuration list for PBXProject "FruityUI" */;
			compatibilityVersion = "Xcode 9.3";
			developmentRegion = en;
			hasScannedForEncodings = 0;
			knownRegions = (
				en,
				Base,
			);
			mainGroup = A0AC4494244CAF78003CEDB4;
			packageReferences = (
				A0FBA0F22466B8340002EB75 /* XCRemoteSwiftPackageReference "ColorPicker" */,
				A0C036EA2498000000D44584 /* XCRemoteSwiftPackageReference "url-image" */,
			);
			productRefGroup = A0AC449E244CAF78003CEDB4 /* Products */;
			projectDirPath = "";
			projectRoot = "";
			targets = (
				A0AC449C244CAF78003CEDB4 /* FruityUI */,
				A0A91F3F248EDE9A000EFC9A /* FruityUILaunchHelper */,
			);
		};
/* End PBXProject section */

/* Begin PBXResourcesBuildPhase section */
		A0A91F3E248EDE9A000EFC9A /* Resources */ = {
			isa = PBXResourcesBuildPhase;
			buildActionMask = 2147483647;
			files = (
				A0A91F45248EDE9B000EFC9A /* Assets.xcassets in Resources */,
				A0A91F48248EDE9B000EFC9A /* MainMenu.xib in Resources */,
			);
			runOnlyForDeploymentPostprocessing = 0;
		};
		A0AC449B244CAF78003CEDB4 /* Resources */ = {
			isa = PBXResourcesBuildPhase;
			buildActionMask = 2147483647;
			files = (
				A0AC44AB244CAF79003CEDB4 /* Main.storyboard in Resources */,
				A0AC44A8244CAF79003CEDB4 /* Preview Assets.xcassets in Resources */,
				A0EF69C524660FB300D77297 /* DeviceImages.plist in Resources */,
				A0AC44A5244CAF79003CEDB4 /* Assets.xcassets in Resources */,
			);
			runOnlyForDeploymentPostprocessing = 0;
		};
/* End PBXResourcesBuildPhase section */

/* Begin PBXSourcesBuildPhase section */
		A0A91F3C248EDE9A000EFC9A /* Sources */ = {
			isa = PBXSourcesBuildPhase;
			buildActionMask = 2147483647;
			files = (
				A0A91F4F248EDEF4000EFC9A /* BundleIdentifier.swift in Sources */,
				A0A91F50248EDEF6000EFC9A /* Notification+FruityUI.swift in Sources */,
				A0A91F43248EDE9A000EFC9A /* AppDelegate.swift in Sources */,
			);
			runOnlyForDeploymentPostprocessing = 0;
		};
		A0AC4499244CAF78003CEDB4 /* Sources */ = {
			isa = PBXSourcesBuildPhase;
			buildActionMask = 2147483647;
			files = (
				A0AC44A3244CAF78003CEDB4 /* ContentView.swift in Sources */,
				A08DB388244F791D000534F2 /* DeviceRow.swift in Sources */,
				A0FBA0FC2466C7D00002EB75 /* Breath.swift in Sources */,
				A08D8700248CFAFE008CE599 /* DeviceRawDataConverter.swift in Sources */,
				A0BAE55E2479EEF700B82FBE /* Synapse2HandleMode+Conversions.swift in Sources */,
				A0CD978C24789F3B00BA56B0 /* DeviceConfigurationViewV2+Presenter.swift in Sources */,
				A0DFECE6248C442F000C01BC /* MacEditorTextView.swift in Sources */,
				A051B406260607BC00A381F0 /* UpdateManager.swift in Sources */,
				A04620222478A3C200CB2A5B /* NSPersistentContainer+Convenience.swift in Sources */,
				A0B1FDCC248EC22000E07C79 /* Notification+FruityUI.swift in Sources */,
				A0CD978A24789BFA00BA56B0 /* DeviceConfigurationV2+CoreData.swift in Sources */,
				A0DFECE8248C4E57000C01BC /* Persistence.swift in Sources */,
				A0A777F524904C0B00F246D5 /* URLs.swift in Sources */,
				A0E4BF4D2450C94500F0D77D /* StubDevice.swift in Sources */,
				A0BAE5582479E8A200B82FBE /* DeviceConfigurationV2Mode.swift in Sources */,
				A0FB0065248B14C1003FF9C7 /* StatusBarItemController.swift in Sources */,
				A0DFECDA248BA09B000C01BC /* ResourceHelpers.swift in Sources */,
				A0FBA0F12466B7420002EB75 /* Reactive.swift in Sources */,
				A0EF69B82466075700D77297 /* DeviceConfigurationV3+Extensions.swift in Sources */,
				A0FB0062248B1247003FF9C7 /* ClosableWindow.swift in Sources */,
				A08D870A248D120C008CE599 /* USBWatcher.swift in Sources */,
				A075E5F8249842D100D1B46F /* PillButton.swift in Sources */,
				A0EF69C72466165A00D77297 /* DeviceConfigurationViewV2.swift in Sources */,
				A0DFECEA248C53C3000C01BC /* DeviceConfigurationV3+CoreData.swift in Sources */,
				A08D86FE248CFA47008CE599 /* DeviceConfigurationViewV3+Presenter.swift in Sources */,
				A08D8704248D015B008CE599 /* Color+Hex.swift in Sources */,
				A0E4BF532450CE6500F0D77D /* NoDeviceSelectedView.swift in Sources */,
				A010711124870F28007E3E45 /* Synapse2Handle+Extensions.swift in Sources */,
				A0C036F02498283600D44584 /* FruityRazer+Extensions.swift in Sources */,
				A0EF69CA2466192400D77297 /* Wave.swift in Sources */,
				A0FBA1002466CEC00002EB75 /* Spectrum.swift in Sources */,
				A08D8706248D08A3008CE599 /* SynapseVersion.swift in Sources */,
				A075E5F6249840BB00D1B46F /* Bundle+Extensions.swift in Sources */,
				A0EF69B32466044300D77297 /* Synapse3Controller.swift in Sources */,
				A0DFECDF248BA3BC000C01BC /* DeviceConfigurationVersionPicker.swift in Sources */,
				A0BAE55A2479E8C800B82FBE /* DeviceConfigurationV2Direction.swift in Sources */,
				A0E4BF512450CDE400F0D77D /* DeviceConfigurationViewV3.swift in Sources */,
				A0E4BF552450D09600F0D77D /* Filter.swift in Sources */,
				A0B1FDD2248EC32600E07C79 /* LoginItemManager.swift in Sources */,
				A0BAE5602479F83300B82FBE /* Synapse2Controller.swift in Sources */,
				A0EF69AF2466038C00D77297 /* DataModel.xcdatamodeld in Sources */,
				A0FB0067248B16DA003FF9C7 /* Router.swift in Sources */,
				A0FBA0FA2466BD740002EB75 /* Static.swift in Sources */,
				A0FBA0FE2466C88D0002EB75 /* Device.swift in Sources */,
				A0BAE5622479F83E00B82FBE /* DeviceControlling.swift in Sources */,
				A0FBA0F62466B9950002EB75 /* CompleteColorPicker.swift in Sources */,
				A0AC44A1244CAF78003CEDB4 /* AppDelegate.swift in Sources */,
				A0DFECEE248C57F3000C01BC /* Engine.swift in Sources */,
				A0EF69BB24660CFB00D77297 /* RazerDevice+Device.swift in Sources */,
				A0C036F22498358C00D44584 /* CircularButton.swift in Sources */,
				A00F7EA8244F7CB80035CB81 /* DeviceList.swift in Sources */,
				A0EF69B12466041700D77297 /* Controller.swift in Sources */,
				A0CD978824789A1200BA56B0 /* DeviceConfigurationV2+SynapseMode.swift in Sources */,
				A0DFECE1248BA60D000C01BC /* DeviceConfigurationView.swift in Sources */,
				A08E1F6A2496437D00D13454 /* Starlight.swift in Sources */,
				A0C036EE249820BE00D44584 /* DestructiveButton.swift in Sources */,
				A0569E4324774A8E00D98B41 /* DeviceConfigurationV2.swift in Sources */,
				A0B1FDCF248EC26C00E07C79 /* BundleIdentifier.swift in Sources */,
				A0EF69B62466063900D77297 /* DeviceConfigurationV3.swift in Sources */,
			);
			runOnlyForDeploymentPostprocessing = 0;
		};
/* End PBXSourcesBuildPhase section */

/* Begin PBXVariantGroup section */
		A0A91F46248EDE9B000EFC9A /* MainMenu.xib */ = {
			isa = PBXVariantGroup;
			children = (
				A0A91F47248EDE9B000EFC9A /* Base */,
			);
			name = MainMenu.xib;
			sourceTree = "<group>";
		};
		A0AC44A9244CAF79003CEDB4 /* Main.storyboard */ = {
			isa = PBXVariantGroup;
			children = (
				A0AC44AA244CAF79003CEDB4 /* Base */,
			);
			name = Main.storyboard;
			sourceTree = "<group>";
		};
/* End PBXVariantGroup section */

/* Begin XCBuildConfiguration section */
		A0A91F4C248EDE9B000EFC9A /* Debug */ = {
			isa = XCBuildConfiguration;
			buildSettings = {
				ASSETCATALOG_COMPILER_APPICON_NAME = AppIcon;
				CODE_SIGN_ENTITLEMENTS = FruityUILaunchHelper/FruityUILaunchHelper.entitlements;
				CODE_SIGN_IDENTITY = "Apple Development";
				CODE_SIGN_STYLE = Automatic;
				COMBINE_HIDPI_IMAGES = YES;
				DEVELOPMENT_TEAM = 3D7R27DBRZ;
				ENABLE_HARDENED_RUNTIME = YES;
				INFOPLIST_FILE = FruityUILaunchHelper/Info.plist;
				LD_RUNPATH_SEARCH_PATHS = (
					"$(inherited)",
					"@executable_path/../Frameworks",
				);
				PRODUCT_BUNDLE_IDENTIFIER = io.edr.fruityuilaunchhelper;
				PRODUCT_NAME = "$(TARGET_NAME)";
				SKIP_INSTALL = YES;
				SWIFT_VERSION = 5.0;
			};
			name = Debug;
		};
		A0A91F4D248EDE9B000EFC9A /* Release */ = {
			isa = XCBuildConfiguration;
			buildSettings = {
				ASSETCATALOG_COMPILER_APPICON_NAME = AppIcon;
				CODE_SIGN_ENTITLEMENTS = FruityUILaunchHelper/FruityUILaunchHelper.entitlements;
				CODE_SIGN_IDENTITY = "Apple Development";
				CODE_SIGN_STYLE = Automatic;
				COMBINE_HIDPI_IMAGES = YES;
				DEVELOPMENT_TEAM = 3D7R27DBRZ;
				ENABLE_HARDENED_RUNTIME = YES;
				INFOPLIST_FILE = FruityUILaunchHelper/Info.plist;
				LD_RUNPATH_SEARCH_PATHS = (
					"$(inherited)",
					"@executable_path/../Frameworks",
				);
				PRODUCT_BUNDLE_IDENTIFIER = io.edr.fruityuilaunchhelper;
				PRODUCT_NAME = "$(TARGET_NAME)";
				SKIP_INSTALL = YES;
				SWIFT_VERSION = 5.0;
			};
			name = Release;
		};
		A0AC44AE244CAF79003CEDB4 /* Debug */ = {
			isa = XCBuildConfiguration;
			buildSettings = {
				ALWAYS_SEARCH_USER_PATHS = NO;
				CLANG_ANALYZER_NONNULL = YES;
				CLANG_ANALYZER_NUMBER_OBJECT_CONVERSION = YES_AGGRESSIVE;
				CLANG_CXX_LANGUAGE_STANDARD = "gnu++14";
				CLANG_CXX_LIBRARY = "libc++";
				CLANG_ENABLE_MODULES = YES;
				CLANG_ENABLE_OBJC_ARC = YES;
				CLANG_ENABLE_OBJC_WEAK = YES;
				CLANG_WARN_BLOCK_CAPTURE_AUTORELEASING = YES;
				CLANG_WARN_BOOL_CONVERSION = YES;
				CLANG_WARN_COMMA = YES;
				CLANG_WARN_CONSTANT_CONVERSION = YES;
				CLANG_WARN_DEPRECATED_OBJC_IMPLEMENTATIONS = YES;
				CLANG_WARN_DIRECT_OBJC_ISA_USAGE = YES_ERROR;
				CLANG_WARN_DOCUMENTATION_COMMENTS = YES;
				CLANG_WARN_EMPTY_BODY = YES;
				CLANG_WARN_ENUM_CONVERSION = YES;
				CLANG_WARN_INFINITE_RECURSION = YES;
				CLANG_WARN_INT_CONVERSION = YES;
				CLANG_WARN_NON_LITERAL_NULL_CONVERSION = YES;
				CLANG_WARN_OBJC_IMPLICIT_RETAIN_SELF = YES;
				CLANG_WARN_OBJC_LITERAL_CONVERSION = YES;
				CLANG_WARN_OBJC_ROOT_CLASS = YES_ERROR;
				CLANG_WARN_RANGE_LOOP_ANALYSIS = YES;
				CLANG_WARN_STRICT_PROTOTYPES = YES;
				CLANG_WARN_SUSPICIOUS_MOVE = YES;
				CLANG_WARN_UNGUARDED_AVAILABILITY = YES_AGGRESSIVE;
				CLANG_WARN_UNREACHABLE_CODE = YES;
				CLANG_WARN__DUPLICATE_METHOD_MATCH = YES;
				COPY_PHASE_STRIP = NO;
				DEBUG_INFORMATION_FORMAT = dwarf;
				ENABLE_STRICT_OBJC_MSGSEND = YES;
				ENABLE_TESTABILITY = YES;
				GCC_C_LANGUAGE_STANDARD = gnu11;
				GCC_DYNAMIC_NO_PIC = NO;
				GCC_NO_COMMON_BLOCKS = YES;
				GCC_OPTIMIZATION_LEVEL = 0;
				GCC_PREPROCESSOR_DEFINITIONS = (
					"DEBUG=1",
					"$(inherited)",
				);
				GCC_WARN_64_TO_32_BIT_CONVERSION = YES;
				GCC_WARN_ABOUT_RETURN_TYPE = YES_ERROR;
				GCC_WARN_UNDECLARED_SELECTOR = YES;
				GCC_WARN_UNINITIALIZED_AUTOS = YES_AGGRESSIVE;
				GCC_WARN_UNUSED_FUNCTION = YES;
				GCC_WARN_UNUSED_VARIABLE = YES;
				MACOSX_DEPLOYMENT_TARGET = 10.15;
				MTL_ENABLE_DEBUG_INFO = INCLUDE_SOURCE;
				MTL_FAST_MATH = YES;
				ONLY_ACTIVE_ARCH = YES;
				SDKROOT = macosx;
				SWIFT_ACTIVE_COMPILATION_CONDITIONS = DEBUG;
				SWIFT_OPTIMIZATION_LEVEL = "-Onone";
			};
			name = Debug;
		};
		A0AC44AF244CAF79003CEDB4 /* Release */ = {
			isa = XCBuildConfiguration;
			buildSettings = {
				ALWAYS_SEARCH_USER_PATHS = NO;
				CLANG_ANALYZER_NONNULL = YES;
				CLANG_ANALYZER_NUMBER_OBJECT_CONVERSION = YES_AGGRESSIVE;
				CLANG_CXX_LANGUAGE_STANDARD = "gnu++14";
				CLANG_CXX_LIBRARY = "libc++";
				CLANG_ENABLE_MODULES = YES;
				CLANG_ENABLE_OBJC_ARC = YES;
				CLANG_ENABLE_OBJC_WEAK = YES;
				CLANG_WARN_BLOCK_CAPTURE_AUTORELEASING = YES;
				CLANG_WARN_BOOL_CONVERSION = YES;
				CLANG_WARN_COMMA = YES;
				CLANG_WARN_CONSTANT_CONVERSION = YES;
				CLANG_WARN_DEPRECATED_OBJC_IMPLEMENTATIONS = YES;
				CLANG_WARN_DIRECT_OBJC_ISA_USAGE = YES_ERROR;
				CLANG_WARN_DOCUMENTATION_COMMENTS = YES;
				CLANG_WARN_EMPTY_BODY = YES;
				CLANG_WARN_ENUM_CONVERSION = YES;
				CLANG_WARN_INFINITE_RECURSION = YES;
				CLANG_WARN_INT_CONVERSION = YES;
				CLANG_WARN_NON_LITERAL_NULL_CONVERSION = YES;
				CLANG_WARN_OBJC_IMPLICIT_RETAIN_SELF = YES;
				CLANG_WARN_OBJC_LITERAL_CONVERSION = YES;
				CLANG_WARN_OBJC_ROOT_CLASS = YES_ERROR;
				CLANG_WARN_RANGE_LOOP_ANALYSIS = YES;
				CLANG_WARN_STRICT_PROTOTYPES = YES;
				CLANG_WARN_SUSPICIOUS_MOVE = YES;
				CLANG_WARN_UNGUARDED_AVAILABILITY = YES_AGGRESSIVE;
				CLANG_WARN_UNREACHABLE_CODE = YES;
				CLANG_WARN__DUPLICATE_METHOD_MATCH = YES;
				COPY_PHASE_STRIP = NO;
				DEBUG_INFORMATION_FORMAT = "dwarf-with-dsym";
				ENABLE_NS_ASSERTIONS = NO;
				ENABLE_STRICT_OBJC_MSGSEND = YES;
				GCC_C_LANGUAGE_STANDARD = gnu11;
				GCC_NO_COMMON_BLOCKS = YES;
				GCC_WARN_64_TO_32_BIT_CONVERSION = YES;
				GCC_WARN_ABOUT_RETURN_TYPE = YES_ERROR;
				GCC_WARN_UNDECLARED_SELECTOR = YES;
				GCC_WARN_UNINITIALIZED_AUTOS = YES_AGGRESSIVE;
				GCC_WARN_UNUSED_FUNCTION = YES;
				GCC_WARN_UNUSED_VARIABLE = YES;
				MACOSX_DEPLOYMENT_TARGET = 10.15;
				MTL_ENABLE_DEBUG_INFO = NO;
				MTL_FAST_MATH = YES;
				SDKROOT = macosx;
				SWIFT_COMPILATION_MODE = wholemodule;
				SWIFT_OPTIMIZATION_LEVEL = "-O";
			};
			name = Release;
		};
		A0AC44B1244CAF79003CEDB4 /* Debug */ = {
			isa = XCBuildConfiguration;
			buildSettings = {
				ASSETCATALOG_COMPILER_APPICON_NAME = AppIcon;
				CODE_SIGN_ENTITLEMENTS = FruityUI/FruityUI.entitlements;
				CODE_SIGN_IDENTITY = "Apple Development";
				CODE_SIGN_STYLE = Automatic;
				COMBINE_HIDPI_IMAGES = YES;
				CURRENT_PROJECT_VERSION = 31;
				DEVELOPMENT_ASSET_PATHS = "\"FruityUI/Preview Content\"";
				DEVELOPMENT_TEAM = 3D7R27DBRZ;
				ENABLE_HARDENED_RUNTIME = YES;
				ENABLE_PREVIEWS = YES;
				FRAMEWORK_SEARCH_PATHS = (
					"$(inherited)",
					"$(PROJECT_DIR)",
					"$(PROJECT_DIR)/Carthage/Build/Mac",
				);
				INFOPLIST_FILE = FruityUI/Info.plist;
				LD_RUNPATH_SEARCH_PATHS = (
					"$(inherited)",
					"@executable_path/../Frameworks",
				);
				MACOSX_DEPLOYMENT_TARGET = 10.15;
				MARKETING_VERSION = 1.4.2;
				PRODUCT_BUNDLE_IDENTIFIER = io.edr.fruityui;
				PRODUCT_NAME = "$(TARGET_NAME)";
				SWIFT_VERSION = 5.0;
			};
			name = Debug;
		};
		A0AC44B2244CAF79003CEDB4 /* Release */ = {
			isa = XCBuildConfiguration;
			buildSettings = {
				ASSETCATALOG_COMPILER_APPICON_NAME = AppIcon;
				CODE_SIGN_ENTITLEMENTS = FruityUI/FruityUI.entitlements;
				CODE_SIGN_IDENTITY = "Apple Development";
				CODE_SIGN_STYLE = Automatic;
				COMBINE_HIDPI_IMAGES = YES;
				CURRENT_PROJECT_VERSION = 31;
				DEVELOPMENT_ASSET_PATHS = "\"FruityUI/Preview Content\"";
				DEVELOPMENT_TEAM = 3D7R27DBRZ;
				ENABLE_HARDENED_RUNTIME = YES;
				ENABLE_PREVIEWS = YES;
				FRAMEWORK_SEARCH_PATHS = (
					"$(inherited)",
					"$(PROJECT_DIR)",
					"$(PROJECT_DIR)/Carthage/Build/Mac",
				);
				INFOPLIST_FILE = FruityUI/Info.plist;
				LD_RUNPATH_SEARCH_PATHS = (
					"$(inherited)",
					"@executable_path/../Frameworks",
				);
				MACOSX_DEPLOYMENT_TARGET = 10.15;
				MARKETING_VERSION = 1.4.2;
				PRODUCT_BUNDLE_IDENTIFIER = io.edr.fruityui;
				PRODUCT_NAME = "$(TARGET_NAME)";
				SWIFT_VERSION = 5.0;
			};
			name = Release;
		};
/* End XCBuildConfiguration section */

/* Begin XCConfigurationList section */
		A0A91F4B248EDE9B000EFC9A /* Build configuration list for PBXNativeTarget "FruityUILaunchHelper" */ = {
			isa = XCConfigurationList;
			buildConfigurations = (
				A0A91F4C248EDE9B000EFC9A /* Debug */,
				A0A91F4D248EDE9B000EFC9A /* Release */,
			);
			defaultConfigurationIsVisible = 0;
			defaultConfigurationName = Release;
		};
		A0AC4498244CAF78003CEDB4 /* Build configuration list for PBXProject "FruityUI" */ = {
			isa = XCConfigurationList;
			buildConfigurations = (
				A0AC44AE244CAF79003CEDB4 /* Debug */,
				A0AC44AF244CAF79003CEDB4 /* Release */,
			);
			defaultConfigurationIsVisible = 0;
			defaultConfigurationName = Release;
		};
		A0AC44B0244CAF79003CEDB4 /* Build configuration list for PBXNativeTarget "FruityUI" */ = {
			isa = XCConfigurationList;
			buildConfigurations = (
				A0AC44B1244CAF79003CEDB4 /* Debug */,
				A0AC44B2244CAF79003CEDB4 /* Release */,
			);
			defaultConfigurationIsVisible = 0;
			defaultConfigurationName = Release;
		};
/* End XCConfigurationList section */

/* Begin XCRemoteSwiftPackageReference section */
		A0C036EA2498000000D44584 /* XCRemoteSwiftPackageReference "url-image" */ = {
			isa = XCRemoteSwiftPackageReference;
			repositoryURL = "https://github.com/dmytro-anokhin/url-image";
			requirement = {
				kind = upToNextMajorVersion;
				minimumVersion = 0.9.15;
			};
		};
		A0FBA0F22466B8340002EB75 /* XCRemoteSwiftPackageReference "ColorPicker" */ = {
			isa = XCRemoteSwiftPackageReference;
			repositoryURL = "https://github.com/hendriku/ColorPicker";
			requirement = {
				kind = upToNextMajorVersion;
				minimumVersion = 2.0.1;
			};
		};
/* End XCRemoteSwiftPackageReference section */

/* Begin XCSwiftPackageProductDependency section */
		A0C036EB2498000000D44584 /* URLImage */ = {
			isa = XCSwiftPackageProductDependency;
			package = A0C036EA2498000000D44584 /* XCRemoteSwiftPackageReference "url-image" */;
			productName = URLImage;
		};
		A0FBA0F32466B8340002EB75 /* ColorPicker */ = {
			isa = XCSwiftPackageProductDependency;
			package = A0FBA0F22466B8340002EB75 /* XCRemoteSwiftPackageReference "ColorPicker" */;
			productName = ColorPicker;
		};
/* End XCSwiftPackageProductDependency section */

/* Begin XCVersionGroup section */
		A0EF69AD2466038C00D77297 /* DataModel.xcdatamodeld */ = {
			isa = XCVersionGroup;
			children = (
				A08E1F6B2496453900D13454 /* DataModel v2.xcdatamodel */,
				A0EF69AE2466038C00D77297 /* DataModel.xcdatamodel */,
			);
			currentVersion = A08E1F6B2496453900D13454 /* DataModel v2.xcdatamodel */;
			path = DataModel.xcdatamodeld;
			sourceTree = "<group>";
			versionGroupType = wrapper.xcdatamodel;
		};
/* End XCVersionGroup section */
	};
	rootObject = A0AC4495244CAF78003CEDB4 /* Project object */;
}
